
Microsoft Visual Studio Solution File, Format Version 12.00
# Visual Studio Version 17
VisualStudioVersion = 17.10.35122.118
MinimumVisualStudioVersion = 10.0.40219.1
Project("{FAE04EC0-301F-11D3-BF4B-00C04F79EFBC}") = "RealTimeClock.cs", "RealTimeClock.cs.csproj", "{940A5933-63C3-443E-9BB4-625D522C2338}"
EndProject
Global
	GlobalSection(SolutionConfigurationPlatforms) = preSolution
		Debug|Any CPU = Debug|Any CPU
		Release|Any CPU = Release|Any CPU
	EndGlobalSection
	GlobalSection(ProjectConfigurationPlatforms) = postSolution
		{940A5933-63C3-443E-9BB4-625D522C2338}.Debug|Any CPU.ActiveCfg = Debug|Any CPU
		{940A5933-63C3-443E-9BB4-625D522C2338}.Debug|Any CPU.Build.0 = Debug|Any CPU
		{940A5933-63C3-443E-9BB4-625D522C2338}.Release|Any CPU.ActiveCfg = Release|Any CPU
		{940A5933-63C3-443E-9BB4-625D522C2338}.Release|Any CPU.Build.0 = Release|Any CPU
	EndGlobalSection
	GlobalSection(SolutionProperties) = preSolution
		HideSolutionNode = FALSE
	EndGlobalSection
	GlobalSection(ExtensibilityGlobals) = postSolution
		SolutionGuid = {AAC4C79D-7974-4E90-8659-196F5F8E97BF}
	EndGlobalSection
EndGlobal
